Microsoft Visual Studio Solution File, Format Version 12.00
# Visual Studio 2013
VisualStudioVersion = 12.0.21005.1
MinimumVisualStudioVersion = 10.0.40219.1
Project("{2150E333-8FDC-42A3-9474-1A3956D46DE8}") = "SolutionItems", "SolutionItems", "{BE9014EA-54EC-4BAC-87D9-969AF06E6AC8}"
	ProjectSection(SolutionItems) = preProject
		completeBuild.fsx = completeBuild.fsx
		nuget\Duality.OgvVideoPlayePluginr.Android.nuspec = nuget\Duality.OgvVideoPlayePluginr.Android.nuspec
		nuget\OgvPlayer.nuspec = nuget\OgvPlayer.nuspec
		nuget\OgvPlayerCorePlugin.nuspec = nuget\OgvPlayerCorePlugin.nuspec
	EndProjectSection
EndProject
Project("{FAE04EC0-301F-11D3-BF4B-00C04F79EFBC}") = "OgvPlayerCorePlugin.Android", "CorePlugin\OgvPlayerCorePlugin.Android.csproj", "{09C8329A-7B5A-4CB8-BA02-7544AC2B8216}"
EndProject
Global
	GlobalSection(SolutionConfigurationPlatforms) = preSolution
		Debug|Any CPU = Debug|Any CPU
		Release|Any CPU = Release|Any CPU
	EndGlobalSection
	GlobalSection(ProjectConfigurationPlatforms) = postSolution
		{09C8329A-7B5A-4CB8-BA02-7544AC2B8216}.Debug|Any CPU.ActiveCfg = Debug|Any CPU
		{09C8329A-7B5A-4CB8-BA02-7544AC2B8216}.Debug|Any CPU.Build.0 = Debug|Any CPU
		{09C8329A-7B5A-4CB8-BA02-7544AC2B8216}.Release|Any CPU.ActiveCfg = Release|Any CPU
		{09C8329A-7B5A-4CB8-BA02-7544AC2B8216}.Release|Any CPU.Build.0 = Release|Any CPU
	EndGlobalSection
	GlobalSection(SolutionProperties) = preSolution
		HideSolutionNode = FALSE
	EndGlobalSection
EndGlobal
